
Microsoft Visual Studio Solution File, Format Version 12.00
# Visual Studio Version 16
VisualStudioVersion = 16.0.29123.88
MinimumVisualStudioVersion = 10.0.40219.1
Project("{FAE04EC0-301F-11D3-BF4B-00C04F79EFBC}") = "Flight Planning NEA V2", "Flight Planning NEA V2.csproj", "{BE6E4466-4C52-4E0E-A7C5-CAC09991EF8F}"
EndProject
Global
	GlobalSection(SolutionConfigurationPlatforms) = preSolution
		Debug|Any CPU = Debug|Any CPU
		Release|Any CPU = Release|Any CPU
	EndGlobalSection
	GlobalSection(ProjectConfigurationPlatforms) = postSolution
		{BE6E4466-4C52-4E0E-A7C5-CAC09991EF8F}.Debug|Any CPU.ActiveCfg = Debug|Any CPU
		{BE6E4466-4C52-4E0E-A7C5-CAC09991EF8F}.Debug|Any CPU.Build.0 = Debug|Any CPU
		{BE6E4466-4C52-4E0E-A7C5-CAC09991EF8F}.Release|Any CPU.ActiveCfg = Release|Any CPU
		{BE6E4466-4C52-4E0E-A7C5-CAC09991EF8F}.Release|Any CPU.Build.0 = Release|Any CPU
	EndGlobalSection
	GlobalSection(SolutionProperties) = preSolution
		HideSolutionNode = FALSE
	EndGlobalSection
	GlobalSection(ExtensibilityGlobals) = postSolution
		SolutionGuid = {ACDF763A-807D-43A8-AC1F-EE7D179F8783}
	EndGlobalSection
EndGlobal
